
Microsoft Visual Studio Solution File, Format Version 12.00
# Visual Studio 15
VisualStudioVersion = 15.0.28010.2003
MinimumVisualStudioVersion = 10.0.40219.1
Project("{FAE04EC0-301F-11D3-BF4B-00C04F79EFBC}") = "RPG Project", "RPG Project\RPG Project.csproj", "{971626DB-01FA-44B2-B6A7-CC8005D3A400}"
EndProject
Global
	GlobalSection(SolutionConfigurationPlatforms) = preSolution
		Debug|ARM = Debug|ARM
		Debug|x64 = Debug|x64
		Debug|x86 = Debug|x86
		Release|ARM = Release|ARM
		Release|x64 = Release|x64
		Release|x86 = Release|x86
	EndGlobalSection
	GlobalSection(ProjectConfigurationPlatforms) = postSolution
		{971626DB-01FA-44B2-B6A7-CC8005D3A400}.Debug|ARM.ActiveCfg = Debug|ARM
		{971626DB-01FA-44B2-B6A7-CC8005D3A400}.Debug|ARM.Build.0 = Debug|ARM
		{971626DB-01FA-44B2-B6A7-CC8005D3A400}.Debug|ARM.Deploy.0 = Debug|ARM
		{971626DB-01FA-44B2-B6A7-CC8005D3A400}.Debug|x64.ActiveCfg = Debug|x64
		{971626DB-01FA-44B2-B6A7-CC8005D3A400}.Debug|x64.Build.0 = Debug|x64
		{971626DB-01FA-44B2-B6A7-CC8005D3A400}.Debug|x64.Deploy.0 = Debug|x64
		{971626DB-01FA-44B2-B6A7-CC8005D3A400}.Debug|x86.ActiveCfg = Debug|x86
		{971626DB-01FA-44B2-B6A7-CC8005D3A400}.Debug|x86.Build.0 = Debug|x86
		{971626DB-01FA-44B2-B6A7-CC8005D3A400}.Debug|x86.Deploy.0 = Debug|x86
		{971626DB-01FA-44B2-B6A7-CC8005D3A400}.Release|ARM.ActiveCfg = Release|ARM
		{971626DB-01FA-44B2-B6A7-CC8005D3A400}.Release|ARM.Build.0 = Release|ARM
		{971626DB-01FA-44B2-B6A7-CC8005D3A400}.Release|ARM.Deploy.0 = Release|ARM
		{971626DB-01FA-44B2-B6A7-CC8005D3A400}.Release|x64.ActiveCfg = Release|x64
		{971626DB-01FA-44B2-B6A7-CC8005D3A400}.Release|x64.Build.0 = Release|x64
		{971626DB-01FA-44B2-B6A7-CC8005D3A400}.Release|x64.Deploy.0 = Release|x64
		{971626DB-01FA-44B2-B6A7-CC8005D3A400}.Release|x86.ActiveCfg = Release|x86
		{971626DB-01FA-44B2-B6A7-CC8005D3A400}.Release|x86.Build.0 = Release|x86
		{971626DB-01FA-44B2-B6A7-CC8005D3A400}.Release|x86.Deploy.0 = Release|x86
	EndGlobalSection
	GlobalSection(SolutionProperties) = preSolution
		HideSolutionNode = FALSE
	EndGlobalSection
	GlobalSection(ExtensibilityGlobals) = postSolution
		SolutionGuid = {A9CA2859-6C31-4380-8772-3F2A1DD04C2D}
	EndGlobalSection
EndGlobal
